
Microsoft Visual Studio Solution File, Format Version 12.00
# Visual Studio Version 17
VisualStudioVersion = 17.5.33209.295
MinimumVisualStudioVersion = 10.0.40219.1
Project("{9A19103F-16F7-4668-BE54-9A1E7A4F7556}") = "MstatReader.Lib", "MstatReader.Lib\MstatReader.Lib.csproj", "{005FCC80-9A36-4401-B8BA-AEEF9BD10B33}"
EndProject
Project("{FAE04EC0-301F-11D3-BF4B-00C04F79EFBC}") = "MstatReader.WebUI", "MstatReader.WebUI\MstatReader.WebUI.csproj", "{3E61544B-9D97-4121-9186-4123BD5769D0}"
EndProject
Global
	GlobalSection(SolutionConfigurationPlatforms) = preSolution
		Debug|Any CPU = Debug|Any CPU
		Release|Any CPU = Release|Any CPU
	EndGlobalSection
	GlobalSection(ProjectConfigurationPlatforms) = postSolution
		{005FCC80-9A36-4401-B8BA-AEEF9BD10B33}.Debug|Any CPU.ActiveCfg = Debug|Any CPU
		{005FCC80-9A36-4401-B8BA-AEEF9BD10B33}.Debug|Any CPU.Build.0 = Debug|Any CPU
		{005FCC80-9A36-4401-B8BA-AEEF9BD10B33}.Release|Any CPU.ActiveCfg = Release|Any CPU
		{005FCC80-9A36-4401-B8BA-AEEF9BD10B33}.Release|Any CPU.Build.0 = Release|Any CPU
		{3E61544B-9D97-4121-9186-4123BD5769D0}.Debug|Any CPU.ActiveCfg = Debug|Any CPU
		{3E61544B-9D97-4121-9186-4123BD5769D0}.Debug|Any CPU.Build.0 = Debug|Any CPU
		{3E61544B-9D97-4121-9186-4123BD5769D0}.Release|Any CPU.ActiveCfg = Release|Any CPU
		{3E61544B-9D97-4121-9186-4123BD5769D0}.Release|Any CPU.Build.0 = Release|Any CPU
	EndGlobalSection
	GlobalSection(SolutionProperties) = preSolution
		HideSolutionNode = FALSE
	EndGlobalSection
	GlobalSection(ExtensibilityGlobals) = postSolution
		SolutionGuid = {B9F0A6F0-F95B-41D0-B1EA-EBB8C1627DF6}
	EndGlobalSection
EndGlobal
